
Microsoft Visual Studio Solution File, Format Version 12.00
# Visual Studio Version 16
VisualStudioVersion = 16.0.31410.357
MinimumVisualStudioVersion = 10.0.40219.1
Project("{FAE04EC0-301F-11D3-BF4B-00C04F79EFBC}") = "Personal_Site", "Personal_Site\Personal_Site.csproj", "{EC257F1D-0F23-4AF1-BD09-A784CEF58EF6}"
EndProject
Global
	GlobalSection(SolutionConfigurationPlatforms) = preSolution
		Debug|Any CPU = Debug|Any CPU
		Release|Any CPU = Release|Any CPU
	EndGlobalSection
	GlobalSection(ProjectConfigurationPlatforms) = postSolution
		{EC257F1D-0F23-4AF1-BD09-A784CEF58EF6}.Debug|Any CPU.ActiveCfg = Debug|Any CPU
		{EC257F1D-0F23-4AF1-BD09-A784CEF58EF6}.Debug|Any CPU.Build.0 = Debug|Any CPU
		{EC257F1D-0F23-4AF1-BD09-A784CEF58EF6}.Release|Any CPU.ActiveCfg = Release|Any CPU
		{EC257F1D-0F23-4AF1-BD09-A784CEF58EF6}.Release|Any CPU.Build.0 = Release|Any CPU
	EndGlobalSection
	GlobalSection(SolutionProperties) = preSolution
		HideSolutionNode = FALSE
	EndGlobalSection
	GlobalSection(ExtensibilityGlobals) = postSolution
		SolutionGuid = {5790D89B-099A-4175-BA5C-6C29B18A01AA}
	EndGlobalSection
EndGlobal
